
Microsoft Visual Studio Solution File, Format Version 12.00
# Visual Studio 15
VisualStudioVersion = 15.0.28010.2050
MinimumVisualStudioVersion = 10.0.40219.1
Project("{FAE04EC0-301F-11D3-BF4B-00C04F79EFBC}") = "Report DLL", "Report DLL\Report DLL.csproj", "{AA94AD1B-5AE3-4B2F-998D-E91ACFD36291}"
EndProject
Global
	GlobalSection(SolutionConfigurationPlatforms) = preSolution
		Debug|Any CPU = Debug|Any CPU
		Release|Any CPU = Release|Any CPU
	EndGlobalSection
	GlobalSection(ProjectConfigurationPlatforms) = postSolution
		{AA94AD1B-5AE3-4B2F-998D-E91ACFD36291}.Debug|Any CPU.ActiveCfg = Debug|Any CPU
		{AA94AD1B-5AE3-4B2F-998D-E91ACFD36291}.Debug|Any CPU.Build.0 = Debug|Any CPU
		{AA94AD1B-5AE3-4B2F-998D-E91ACFD36291}.Release|Any CPU.ActiveCfg = Release|Any CPU
		{AA94AD1B-5AE3-4B2F-998D-E91ACFD36291}.Release|Any CPU.Build.0 = Release|Any CPU
	EndGlobalSection
	GlobalSection(SolutionProperties) = preSolution
		HideSolutionNode = FALSE
	EndGlobalSection
	GlobalSection(ExtensibilityGlobals) = postSolution
		SolutionGuid = {1FC41C40-82DF-40A4-9FB7-F2D6FC97DD4C}
	EndGlobalSection
EndGlobal
